
Microsoft Visual Studio Solution File, Format Version 12.00
# Visual Studio 15
VisualStudioVersion = 15.0.28010.2041
MinimumVisualStudioVersion = 10.0.40219.1
Project("{9A19103F-16F7-4668-BE54-9A1E7A4F7556}") = "GiftPalWeb", "GiftPalWeb\GiftPalWeb.csproj", "{B48B7950-B942-41EE-B8B1-26F801A340A3}"
	ProjectSection(ProjectDependencies) = postProject
		{40D43F9B-7AF9-408F-949B-E89E138E6E6D} = {40D43F9B-7AF9-408F-949B-E89E138E6E6D}
	EndProjectSection
EndProject
Project("{9A19103F-16F7-4668-BE54-9A1E7A4F7556}") = "GiftPalServer", "GiftPalServer\GiftPalServer.csproj", "{D3B62302-C70B-46B8-B7BA-C2B9799F6966}"
EndProject
Project("{9A19103F-16F7-4668-BE54-9A1E7A4F7556}") = "Helpers", "Helpers\Helpers.csproj", "{53010A38-0ED1-48A7-B9DC-37B1FF700A46}"
EndProject
Project("{9A19103F-16F7-4668-BE54-9A1E7A4F7556}") = "Models", "Models\Models.csproj", "{40D43F9B-7AF9-408F-949B-E89E138E6E6D}"
EndProject
Global
	GlobalSection(SolutionConfigurationPlatforms) = preSolution
		Debug|Any CPU = Debug|Any CPU
		Release|Any CPU = Release|Any CPU
	EndGlobalSection
	GlobalSection(ProjectConfigurationPlatforms) = postSolution
		{B48B7950-B942-41EE-B8B1-26F801A340A3}.Debug|Any CPU.ActiveCfg = Debug|Any CPU
		{B48B7950-B942-41EE-B8B1-26F801A340A3}.Debug|Any CPU.Build.0 = Debug|Any CPU
		{B48B7950-B942-41EE-B8B1-26F801A340A3}.Release|Any CPU.ActiveCfg = Release|Any CPU
		{B48B7950-B942-41EE-B8B1-26F801A340A3}.Release|Any CPU.Build.0 = Release|Any CPU
		{D3B62302-C70B-46B8-B7BA-C2B9799F6966}.Debug|Any CPU.ActiveCfg = Debug|Any CPU
		{D3B62302-C70B-46B8-B7BA-C2B9799F6966}.Debug|Any CPU.Build.0 = Debug|Any CPU
		{D3B62302-C70B-46B8-B7BA-C2B9799F6966}.Release|Any CPU.ActiveCfg = Release|Any CPU
		{D3B62302-C70B-46B8-B7BA-C2B9799F6966}.Release|Any CPU.Build.0 = Release|Any CPU
		{53010A38-0ED1-48A7-B9DC-37B1FF700A46}.Debug|Any CPU.ActiveCfg = Debug|Any CPU
		{53010A38-0ED1-48A7-B9DC-37B1FF700A46}.Debug|Any CPU.Build.0 = Debug|Any CPU
		{53010A38-0ED1-48A7-B9DC-37B1FF700A46}.Release|Any CPU.ActiveCfg = Release|Any CPU
		{53010A38-0ED1-48A7-B9DC-37B1FF700A46}.Release|Any CPU.Build.0 = Release|Any CPU
		{40D43F9B-7AF9-408F-949B-E89E138E6E6D}.Debug|Any CPU.ActiveCfg = Debug|Any CPU
		{40D43F9B-7AF9-408F-949B-E89E138E6E6D}.Debug|Any CPU.Build.0 = Debug|Any CPU
		{40D43F9B-7AF9-408F-949B-E89E138E6E6D}.Release|Any CPU.ActiveCfg = Release|Any CPU
		{40D43F9B-7AF9-408F-949B-E89E138E6E6D}.Release|Any CPU.Build.0 = Release|Any CPU
	EndGlobalSection
	GlobalSection(SolutionProperties) = preSolution
		HideSolutionNode = FALSE
	EndGlobalSection
	GlobalSection(ExtensibilityGlobals) = postSolution
		SolutionGuid = {501C5F41-FCA2-40C6-815F-7B3C72AD5751}
	EndGlobalSection
EndGlobal
